
Microsoft Visual Studio Solution File, Format Version 12.00
# Visual Studio Version 17
VisualStudioVersion = 17.2.32630.192
MinimumVisualStudioVersion = 10.0.40219.1
Project("{FAE04EC0-301F-11D3-BF4B-00C04F79EFBC}") = "Hap.Workflows", "Hap.Workflows.csproj", "{5F7876CC-6A42-4DBC-A900-61F76AE86429}"
EndProject
Global
	GlobalSection(SolutionConfigurationPlatforms) = preSolution
		Debug|Any CPU = Debug|Any CPU
		Release|Any CPU = Release|Any CPU
	EndGlobalSection
	GlobalSection(ProjectConfigurationPlatforms) = postSolution
		{5F7876CC-6A42-4DBC-A900-61F76AE86429}.Debug|Any CPU.ActiveCfg = Debug|Any CPU
		{5F7876CC-6A42-4DBC-A900-61F76AE86429}.Debug|Any CPU.Build.0 = Debug|Any CPU
		{5F7876CC-6A42-4DBC-A900-61F76AE86429}.Release|Any CPU.ActiveCfg = Release|Any CPU
		{5F7876CC-6A42-4DBC-A900-61F76AE86429}.Release|Any CPU.Build.0 = Release|Any CPU
	EndGlobalSection
	GlobalSection(SolutionProperties) = preSolution
		HideSolutionNode = FALSE
	EndGlobalSection
	GlobalSection(ExtensibilityGlobals) = postSolution
		SolutionGuid = {E681AFD4-F103-46D5-AA42-F3EC1EF7B4F2}
	EndGlobalSection
EndGlobal
